PODS:
  - Alamofire (5.8.0)
  - CryptoSwift (1.8.0)
  - Firebase/Analytics (10.0.0):
    - Firebase/Core
  - Firebase/Core (10.0.0):
    - Firebase/CoreOnly
    - FirebaseAnalytics (~> 10.0.0)
  - Firebase/CoreOnly (10.0.0)
  - Firebase/Crashlytics (10.0.0):
    - Firebase/CoreOnly
    - FirebaseCrashlytics (~> 10.0.0)
  - FirebaseAnalytics (10.0.0):
    - FirebaseAnalytics/AdIdSupport (= 10.0.0)
    - FirebaseCore (~> 10.0)
    - FirebaseInstallations (~> 10.0)
  - FirebaseAnalytics/AdIdSupport (10.0.0):
    - FirebaseCore (~> 10.0)
    - FirebaseInstallations (~> 10.0)
  - FirebaseCore (10.0.0):
    - GoogleUtilities/Environment (~> 7.8)
    - GoogleUtilities/Logger (~> 7.8)
  - FirebaseCrashlytics (10.0.0):
    - FirebaseCore (~> 10.0)
    - FirebaseInstallations (~> 10.0)
    - GoogleDataTransport (~> 9.2)
    - GoogleUtilities/Environment (~> 7.8)
    - nanopb (< 2.30910.0, >= 2.30908.0)
    - PromisesObjC (~> 2.1)
  - FirebaseInstallations (10.0.0):
    - FirebaseCore (~> 10.0)
    - GoogleUtilities/Environment (~> 7.8)
    - GoogleUtilities/UserDefaults (~> 7.8)
    - PromisesObjC (~> 2.1)
  - GoogleDataTransport (9.2.5)
  - GoogleUtilities/Environment (7.8.0)
  - GoogleUtilities/Logger (7.8.0):
    - GoogleUtilities/Environment
  - GoogleUtilities/UserDefaults (7.8.0):
    - GoogleUtilities/Logger
  - KeychainAccess (4.2.2)
  - MLKitBarcodeScanning (3.0.0):
    - MLKitCommon (~> 9.0)
    - MLKitVision (~> 5.0)
  - MLKitCommon (9.0.0)
  - MLKitVision (5.0.0):
    - GoogleDataTransport (~> 9.0)
    - MLKitCommon (~> 9.0)
  - nanopb (2.30909.0)
  - PromisesObjC (2.1.1)
  - Realm (10.42.0):
    - Realm/Headers (= 10.42.0)
  - Realm/Headers (10.42.0)
  - RealmSwift (10.42.0):
    - Realm (= 10.42.0)
  - SwiftProtobuf (1.25.0)

DEPENDENCIES:
  - Alamofire
  - CryptoSwift
  - Firebase/Analytics
  - Firebase/Crashlytics
  - KeychainAccess
  - MLKitBarcodeScanning
  - RealmSwift
  - SwiftProtobuf

SPEC REPOS:
  trunk:
    - Alamofire
    - CryptoSwift
    - Firebase
    - FirebaseAnalytics
    - FirebaseCore
    - FirebaseCrashlytics
    - FirebaseInstallations
    - GoogleDataTransport
    - GoogleUtilities
    - KeychainAccess
    - MLKitBarcodeScanning
    - MLKitCommon
    - MLKitVision
    - nanopb
    - PromisesObjC
    - Realm
    - RealmSwift
    - SwiftProtobuf

SPEC CHECKSUMS:
  Alamofire: 0e92e751b3e9e66d7982db43919d01f313b8eb91
  CryptoSwift: 52aaf3fce7337552863b1d952e408085f0e65030
  Firebase: 1b810f3d0c0532e27a48f1961f8c0400a668a2cf
  FirebaseAnalytics: 9921a52739f4ab66099da31b6e0243db78a3ac0a
  FirebaseCore: 97f48a3a567a72f0d0138e296a43155632e2e9fd
  FirebaseCrashlytics: 6c7a14a2fcc8e2b58b8d71b35f3b0c4e73a75af8
  FirebaseInstallations: 7f1c9ae6bd9df6abe9c74124b38fa8740aba5df4
  GoogleDataTransport: 54dee9d48d14580407f8f5fbf2f496f625c16f8b
  GoogleUtilities: 1d20a6ad97ef46f67bbdec158ce00563a671ebb7
  KeychainAccess: c0c4f7f38f6fc7bbe58f5702e25f7bd2f65abf51
  MLKitBarcodeScanning: 04e264482c5f3810cb89ebc134ef6b61e67db505
  MLKitCommon: c1b791c3e667091918d91bda4bba69a91011e390
  MLKitVision: 8baa5f46ee3352614169b85250574fde38c36f49
  nanopb: b552cce312b6c8484180ef47159bc0f65a1f0431
  PromisesObjC: ab77feca74fa2823e7af4249b8326368e61014cb
  Realm: 490aad28f1360e58fc22256d5d686d3a36d9bcb6
  RealmSwift: f6a9b56c26f34f5dd289c8430a0f2f7f62293e48
  SwiftProtobuf: 25c13d1c9f6db34c85cb6b0f05a7b4f5df8b9e0c

PODFILE CHECKSUMS: 7a3f9e7e2f8b2e9b2f9d9b9d9b9d9b9d9b9d9b9d9

COCOAPODS: 1.14.0